<?xml version="1.0" encoding="UTF-8"?>
<!DOCTYPE plist PUBLIC "-//Apple//DTD PLIST 1.0//EN" "http://www.apple.com/DTDs/PropertyList-1.0.dtd">
<plist version="1.0">
<dict>
	<key>archiveVersion</key>
	<string>1</string>
	<key>classes</key>
	<dict/>
	<key>objectVersion</key>
	<string>46</string>
	<key>objects</key>
	<dict>
		<key>05EA26FD17F12A4200E6F107</key>
		<dict>
			<key>isa</key>
			<string>PBXFileReference</string>
			<key>lastKnownFileType</key>
			<string>folder.assetcatalog</string>
			<key>path</key>
			<string>Images.xcassets</string>
			<key>sourceTree</key>
			<string>&lt;group&gt;</string>
		</dict>
		<key>05EA26FE17F12A4200E6F107</key>
		<dict>
			<key>fileRef</key>
			<string>05EA26FD17F12A4200E6F107</string>
			<key>isa</key>
			<string>PBXBuildFile</string>
		</dict>
		<key>07BC0ADD7974450CAC2A4DC6</key>
		<dict>
			<key>includeInIndex</key>
			<string>1</string>
			<key>isa</key>
			<string>PBXFileReference</string>
			<key>lastKnownFileType</key>
			<string>text.xcconfig</string>
			<key>name</key>
			<string>Pods.xcconfig</string>
			<key>path</key>
			<string>Pods/Pods.xcconfig</string>
			<key>sourceTree</key>
			<string>&lt;group&gt;</string>
		</dict>
		<key>0D15857695B146F7ABD834A7</key>
		<dict>
			<key>explicitFileType</key>
			<string>archive.ar</string>
			<key>includeInIndex</key>
			<string>0</string>
			<key>isa</key>
			<string>PBXFileReference</string>
			<key>path</key>
			<string>libPods.a</string>
			<key>sourceTree</key>
			<string>BUILT_PRODUCTS_DIR</string>
		</dict>
		<key>27407EEB14D8787E0035FD7F</key>
		<dict>
			<key>fileEncoding</key>
			<string>4</string>
			<key>isa</key>
			<string>PBXFileReference</string>
			<key>lastKnownFileType</key>
			<string>file.storyboard</string>
			<key>path</key>
			<string>iPad.storyboard</string>
			<key>sourceTree</key>
			<string>&lt;group&gt;</string>
		</dict>
		<key>27407EEC14D8787E0035FD7F</key>
		<dict>
			<key>fileRef</key>
			<string>27407EEB14D8787E0035FD7F</string>
			<key>isa</key>
			<string>PBXBuildFile</string>
		</dict>
		<key>27498DCC14E96C75005C043E</key>
		<dict>
			<key>fileEncoding</key>
			<string>4</string>
			<key>isa</key>
			<string>PBXFileReference</string>
			<key>lastKnownFileType</key>
			<string>sourcecode.c.h</string>
			<key>path</key>
			<string>NavigationTopViewController.h</string>
			<key>sourceTree</key>
			<string>&lt;group&gt;</string>
		</dict>
		<key>27498DCD14E96C75005C043E</key>
		<dict>
			<key>fileEncoding</key>
			<string>4</string>
			<key>isa</key>
			<string>PBXFileReference</string>
			<key>lastKnownFileType</key>
			<string>sourcecode.c.objc</string>
			<key>path</key>
			<string>NavigationTopViewController.m</string>
			<key>sourceTree</key>
			<string>&lt;group&gt;</string>
		</dict>
		<key>27498DCE14E96C75005C043E</key>
		<dict>
			<key>fileRef</key>
			<string>27498DCD14E96C75005C043E</string>
			<key>isa</key>
			<string>PBXBuildFile</string>
		</dict>
		<key>27498DD314E96EEF005C043E</key>
		<dict>
			<key>fileEncoding</key>
			<string>4</string>
			<key>isa</key>
			<string>PBXFileReference</string>
			<key>lastKnownFileType</key>
			<string>sourcecode.c.h</string>
			<key>path</key>
			<string>SampleTableViewController.h</string>
			<key>sourceTree</key>
			<string>&lt;group&gt;</string>
		</dict>
		<key>27498DD414E96EEF005C043E</key>
		<dict>
			<key>fileEncoding</key>
			<string>4</string>
			<key>isa</key>
			<string>PBXFileReference</string>
			<key>lastKnownFileType</key>
			<string>sourcecode.c.objc</string>
			<key>path</key>
			<string>SampleTableViewController.m</string>
			<key>sourceTree</key>
			<string>&lt;group&gt;</string>
		</dict>
		<key>27498DD514E96EEF005C043E</key>
		<dict>
			<key>fileRef</key>
			<string>27498DD414E96EEF005C043E</string>
			<key>isa</key>
			<string>PBXBuildFile</string>
		</dict>
		<key>2750E76114CDB0DF007727A0</key>
		<dict>
			<key>children</key>
			<array>
				<string>2750E77614CDB0DF007727A0</string>
				<string>2750E76F14CDB0DF007727A0</string>
				<string>2750E76D14CDB0DF007727A0</string>
				<string>07BC0ADD7974450CAC2A4DC6</string>
			</array>
			<key>isa</key>
			<string>PBXGroup</string>
			<key>sourceTree</key>
			<string>&lt;group&gt;</string>
		</dict>
		<key>2750E76314CDB0DF007727A0</key>
		<dict>
			<key>attributes</key>
			<dict>
				<key>LastUpgradeCheck</key>
				<string>0420</string>
			</dict>
			<key>buildConfigurationList</key>
			<string>2750E76614CDB0DF007727A0</string>
			<key>compatibilityVersion</key>
			<string>Xcode 3.2</string>
			<key>developmentRegion</key>
			<string>English</string>
			<key>hasScannedForEncodings</key>
			<string>0</string>
			<key>isa</key>
			<string>PBXProject</string>
			<key>knownRegions</key>
			<array>
				<string>en</string>
			</array>
			<key>mainGroup</key>
			<string>2750E76114CDB0DF007727A0</string>
			<key>productRefGroup</key>
			<string>2750E76D14CDB0DF007727A0</string>
			<key>projectDirPath</key>
			<string></string>
			<key>projectReferences</key>
			<array/>
			<key>projectRoot</key>
			<string></string>
			<key>targets</key>
			<array>
				<string>2750E76B14CDB0DF007727A0</string>
			</array>
		</dict>
		<key>2750E76614CDB0DF007727A0</key>
		<dict>
			<key>buildConfigurations</key>
			<array>
				<string>2750E78214CDB0DF007727A0</string>
				<string>2750E78314CDB0DF007727A0</string>
			</array>
			<key>defaultConfigurationIsVisible</key>
			<string>0</string>
			<key>defaultConfigurationName</key>
			<string>Release</string>
			<key>isa</key>
			<string>XCConfigurationList</string>
		</dict>
		<key>2750E76814CDB0DF007727A0</key>
		<dict>
			<key>buildActionMask</key>
			<string>2147483647</string>
			<key>files</key>
			<array>
				<string>2750E77D14CDB0DF007727A0</string>
				<string>2750E78114CDB0DF007727A0</string>
				<string>2750E79414CDB93A007727A0</string>
				<string>2750E79714CDB959007727A0</string>
				<string>2750E79A14CDB99A007727A0</string>
				<string>2750E79D14CDBA48007727A0</string>
				<string>2750E7A014CDBC32007727A0</string>
				<string>2750E7AE14CF1306007727A0</string>
				<string>27FC94E014D0C14E0000B18C</string>
				<string>27498DCE14E96C75005C043E</string>
				<string>27498DD514E96EEF005C043E</string>
			</array>
			<key>isa</key>
			<string>PBXSourcesBuildPhase</string>
			<key>runOnlyForDeploymentPostprocessing</key>
			<string>0</string>
		</dict>
		<key>2750E76914CDB0DF007727A0</key>
		<dict>
			<key>buildActionMask</key>
			<string>2147483647</string>
			<key>files</key>
			<array>
				<string>27FC94E314D105C60000B18C</string>
				<string>2750E77114CDB0DF007727A0</string>
				<string>2750E77314CDB0DF007727A0</string>
				<string>2750E77514CDB0DF007727A0</string>
				<string>4E063874DC7047DEA5566694</string>
			</array>
			<key>isa</key>
			<string>PBXFrameworksBuildPhase</string>
			<key>runOnlyForDeploymentPostprocessing</key>
			<string>0</string>
		</dict>
		<key>2750E76A14CDB0DF007727A0</key>
		<dict>
			<key>buildActionMask</key>
			<string>2147483647</string>
			<key>files</key>
			<array>
				<string>2750E77B14CDB0DF007727A0</string>
				<string>05EA26FE17F12A4200E6F107</string>
				<string>2750E78814CDB114007727A0</string>
				<string>27407EEC14D8787E0035FD7F</string>
			</array>
			<key>isa</key>
			<string>PBXResourcesBuildPhase</string>
			<key>runOnlyForDeploymentPostprocessing</key>
			<string>0</string>
		</dict>
		<key>2750E76B14CDB0DF007727A0</key>
		<dict>
			<key>buildConfigurationList</key>
			<string>2750E78414CDB0DF007727A0</string>
			<key>buildPhases</key>
			<array>
				<string>8F5EAD3351014B6A99DBEFC6</string>
				<string>2750E76814CDB0DF007727A0</string>
				<string>2750E76914CDB0DF007727A0</string>
				<string>2750E76A14CDB0DF007727A0</string>
				<string>99F8F57C7E394325BC0D83C0</string>
			</array>
			<key>buildRules</key>
			<array/>
			<key>dependencies</key>
			<array/>
			<key>isa</key>
			<string>PBXNativeTarget</string>
			<key>name</key>
			<string>ECSlidingViewController</string>
			<key>productName</key>
			<string>ECSlidingViewController</string>
			<key>productReference</key>
			<string>2750E76C14CDB0DF007727A0</string>
			<key>productType</key>
			<string>com.apple.product-type.application</string>
		</dict>
		<key>2750E76C14CDB0DF007727A0</key>
		<dict>
			<key>explicitFileType</key>
			<string>wrapper.application</string>
			<key>includeInIndex</key>
			<string>0</string>
			<key>isa</key>
			<string>PBXFileReference</string>
			<key>path</key>
			<string>ECSlidingViewController.app</string>
			<key>sourceTree</key>
			<string>BUILT_PRODUCTS_DIR</string>
		</dict>
		<key>2750E76D14CDB0DF007727A0</key>
		<dict>
			<key>children</key>
			<array>
				<string>2750E76C14CDB0DF007727A0</string>
			</array>
			<key>isa</key>
			<string>PBXGroup</string>
			<key>name</key>
			<string>Products</string>
			<key>sourceTree</key>
			<string>&lt;group&gt;</string>
		</dict>
		<key>2750E76F14CDB0DF007727A0</key>
		<dict>
			<key>children</key>
			<array>
				<string>2750E77414CDB0DF007727A0</string>
				<string>2750E77214CDB0DF007727A0</string>
				<string>27FC94E214D105C60000B18C</string>
				<string>2750E77014CDB0DF007727A0</string>
				<string>0D15857695B146F7ABD834A7</string>
			</array>
			<key>isa</key>
			<string>PBXGroup</string>
			<key>name</key>
			<string>Frameworks</string>
			<key>sourceTree</key>
			<string>&lt;group&gt;</string>
		</dict>
		<key>2750E77014CDB0DF007727A0</key>
		<dict>
			<key>isa</key>
			<string>PBXFileReference</string>
			<key>lastKnownFileType</key>
			<string>wrapper.framework</string>
			<key>name</key>
			<string>UIKit.framework</string>
			<key>path</key>
			<string>System/Library/Frameworks/UIKit.framework</string>
			<key>sourceTree</key>
			<string>SDKROOT</string>
		</dict>
		<key>2750E77114CDB0DF007727A0</key>
		<dict>
			<key>fileRef</key>
			<string>2750E77014CDB0DF007727A0</string>
			<key>isa</key>
			<string>PBXBuildFile</string>
		</dict>
		<key>2750E77214CDB0DF007727A0</key>
		<dict>
			<key>isa</key>
			<string>PBXFileReference</string>
			<key>lastKnownFileType</key>
			<string>wrapper.framework</string>
			<key>name</key>
			<string>Foundation.framework</string>
			<key>path</key>
			<string>System/Library/Frameworks/Foundation.framework</string>
			<key>sourceTree</key>
			<string>SDKROOT</string>
		</dict>
		<key>2750E77314CDB0DF007727A0</key>
		<dict>
			<key>fileRef</key>
			<string>2750E77214CDB0DF007727A0</string>
			<key>isa</key>
			<string>PBXBuildFile</string>
		</dict>
		<key>2750E77414CDB0DF007727A0</key>
		<dict>
			<key>isa</key>
			<string>PBXFileReference</string>
			<key>lastKnownFileType</key>
			<string>wrapper.framework</string>
			<key>name</key>
			<string>CoreGraphics.framework</string>
			<key>path</key>
			<string>System/Library/Frameworks/CoreGraphics.framework</string>
			<key>sourceTree</key>
			<string>SDKROOT</string>
		</dict>
		<key>2750E77514CDB0DF007727A0</key>
		<dict>
			<key>fileRef</key>
			<string>2750E77414CDB0DF007727A0</string>
			<key>isa</key>
			<string>PBXBuildFile</string>
		</dict>
		<key>2750E77614CDB0DF007727A0</key>
		<dict>
			<key>children</key>
			<array>
				<string>2750E78A14CDB1CF007727A0</string>
				<string>2750E78914CDB1C7007727A0</string>
				<string>2750E77F14CDB0DF007727A0</string>
				<string>2750E78014CDB0DF007727A0</string>
				<string>2750E77714CDB0DF007727A0</string>
				<string>2750E78714CDB114007727A0</string>
				<string>27407EEB14D8787E0035FD7F</string>
				<string>05EA26FD17F12A4200E6F107</string>
			</array>
			<key>isa</key>
			<string>PBXGroup</string>
			<key>path</key>
			<string>ECSlidingViewController</string>
			<key>sourceTree</key>
			<string>&lt;group&gt;</string>
		</dict>
		<key>2750E77714CDB0DF007727A0</key>
		<dict>
			<key>children</key>
			<array>
				<string>2750E77814CDB0DF007727A0</string>
				<string>2750E77914CDB0DF007727A0</string>
				<string>2750E77C14CDB0DF007727A0</string>
				<string>2750E77E14CDB0DF007727A0</string>
			</array>
			<key>isa</key>
			<string>PBXGroup</string>
			<key>name</key>
			<string>Supporting Files</string>
			<key>sourceTree</key>
			<string>&lt;group&gt;</string>
		</dict>
		<key>2750E77814CDB0DF007727A0</key>
		<dict>
			<key>isa</key>
			<string>PBXFileReference</string>
			<key>lastKnownFileType</key>
			<string>text.plist.xml</string>
			<key>path</key>
			<string>ECSlidingViewController-Info.plist</string>
			<key>sourceTree</key>
			<string>&lt;group&gt;</string>
		</dict>
		<key>2750E77914CDB0DF007727A0</key>
		<dict>
			<key>children</key>
			<array>
				<string>2750E77A14CDB0DF007727A0</string>
			</array>
			<key>isa</key>
			<string>PBXVariantGroup</string>
			<key>name</key>
			<string>InfoPlist.strings</string>
			<key>sourceTree</key>
			<string>&lt;group&gt;</string>
		</dict>
		<key>2750E77A14CDB0DF007727A0</key>
		<dict>
			<key>isa</key>
			<string>PBXFileReference</string>
			<key>lastKnownFileType</key>
			<string>text.plist.strings</string>
			<key>name</key>
			<string>en</string>
			<key>path</key>
			<string>en.lproj/InfoPlist.strings</string>
			<key>sourceTree</key>
			<string>&lt;group&gt;</string>
		</dict>
		<key>2750E77B14CDB0DF007727A0</key>
		<dict>
			<key>fileRef</key>
			<string>2750E77914CDB0DF007727A0</string>
			<key>isa</key>
			<string>PBXBuildFile</string>
		</dict>
		<key>2750E77C14CDB0DF007727A0</key>
		<dict>
			<key>isa</key>
			<string>PBXFileReference</string>
			<key>lastKnownFileType</key>
			<string>sourcecode.c.objc</string>
			<key>path</key>
			<string>main.m</string>
			<key>sourceTree</key>
			<string>&lt;group&gt;</string>
		</dict>
		<key>2750E77D14CDB0DF007727A0</key>
		<dict>
			<key>fileRef</key>
			<string>2750E77C14CDB0DF007727A0</string>
			<key>isa</key>
			<string>PBXBuildFile</string>
		</dict>
		<key>2750E77E14CDB0DF007727A0</key>
		<dict>
			<key>isa</key>
			<string>PBXFileReference</string>
			<key>lastKnownFileType</key>
			<string>sourcecode.c.h</string>
			<key>path</key>
			<string>ECSlidingViewController-Prefix.pch</string>
			<key>sourceTree</key>
			<string>&lt;group&gt;</string>
		</dict>
		<key>2750E77F14CDB0DF007727A0</key>
		<dict>
			<key>isa</key>
			<string>PBXFileReference</string>
			<key>lastKnownFileType</key>
			<string>sourcecode.c.h</string>
			<key>path</key>
			<string>AppDelegate.h</string>
			<key>sourceTree</key>
			<string>&lt;group&gt;</string>
		</dict>
		<key>2750E78014CDB0DF007727A0</key>
		<dict>
			<key>isa</key>
			<string>PBXFileReference</string>
			<key>lastKnownFileType</key>
			<string>sourcecode.c.objc</string>
			<key>path</key>
			<string>AppDelegate.m</string>
			<key>sourceTree</key>
			<string>&lt;group&gt;</string>
		</dict>
		<key>2750E78114CDB0DF007727A0</key>
		<dict>
			<key>fileRef</key>
			<string>2750E78014CDB0DF007727A0</string>
			<key>isa</key>
			<string>PBXBuildFile</string>
		</dict>
		<key>2750E78214CDB0DF007727A0</key>
		<dict>
			<key>buildSettings</key>
			<dict>
				<key>ALWAYS_SEARCH_USER_PATHS</key>
				<string>NO</string>
				<key>ARCHS</key>
				<string>$(ARCHS_STANDARD_32_BIT)</string>
				<key>CLANG_ENABLE_OBJC_ARC</key>
				<string>YES</string>
				<key>CODE_SIGN_IDENTITY[sdk=iphoneos*]</key>
				<string>iPhone Developer</string>
				<key>COPY_PHASE_STRIP</key>
				<string>NO</string>
				<key>GCC_C_LANGUAGE_STANDARD</key>
				<string>gnu99</string>
				<key>GCC_DYNAMIC_NO_PIC</key>
				<string>NO</string>
				<key>GCC_OPTIMIZATION_LEVEL</key>
				<string>0</string>
				<key>GCC_PREPROCESSOR_DEFINITIONS</key>
				<array>
					<string>DEBUG=1</string>
					<string>$(inherited)</string>
				</array>
				<key>GCC_SYMBOLS_PRIVATE_EXTERN</key>
				<string>NO</string>
				<key>GCC_VERSION</key>
				<string>com.apple.compilers.llvm.clang.1_0</string>
				<key>GCC_WARN_ABOUT_MISSING_PROTOTYPES</key>
				<string>YES</string>
				<key>GCC_WARN_ABOUT_RETURN_TYPE</key>
				<string>YES</string>
				<key>GCC_WARN_UNUSED_VARIABLE</key>
				<string>YES</string>
				<key>IPHONEOS_DEPLOYMENT_TARGET</key>
				<string>5.0</string>
				<key>SDKROOT</key>
				<string>iphoneos</string>
			</dict>
			<key>isa</key>
			<string>XCBuildConfiguration</string>
			<key>name</key>
			<string>Debug</string>
		</dict>
		<key>2750E78314CDB0DF007727A0</key>
		<dict>
			<key>buildSettings</key>
			<dict>
				<key>ALWAYS_SEARCH_USER_PATHS</key>
				<string>NO</string>
				<key>ARCHS</key>
				<string>$(ARCHS_STANDARD_32_BIT)</string>
				<key>CLANG_ENABLE_OBJC_ARC</key>
				<string>YES</string>
				<key>CODE_SIGN_IDENTITY[sdk=iphoneos*]</key>
				<string>iPhone Developer</string>
				<key>COPY_PHASE_STRIP</key>
				<string>YES</string>
				<key>GCC_C_LANGUAGE_STANDARD</key>
				<string>gnu99</string>
				<key>GCC_VERSION</key>
				<string>com.apple.compilers.llvm.clang.1_0</string>
				<key>GCC_WARN_ABOUT_MISSING_PROTOTYPES</key>
				<string>YES</string>
				<key>GCC_WARN_ABOUT_RETURN_TYPE</key>
				<string>YES</string>
				<key>GCC_WARN_UNUSED_VARIABLE</key>
				<string>YES</string>
				<key>IPHONEOS_DEPLOYMENT_TARGET</key>
				<string>5.0</string>
				<key>OTHER_CFLAGS</key>
				<string>-DNS_BLOCK_ASSERTIONS=1</string>
				<key>SDKROOT</key>
				<string>iphoneos</string>
				<key>VALIDATE_PRODUCT</key>
				<string>YES</string>
			</dict>
			<key>isa</key>
			<string>XCBuildConfiguration</string>
			<key>name</key>
			<string>Release</string>
		</dict>
		<key>2750E78414CDB0DF007727A0</key>
		<dict>
			<key>buildConfigurations</key>
			<array>
				<string>2750E78514CDB0DF007727A0</string>
				<string>2750E78614CDB0DF007727A0</string>
			</array>
			<key>defaultConfigurationIsVisible</key>
			<string>0</string>
			<key>defaultConfigurationName</key>
			<string>Release</string>
			<key>isa</key>
			<string>XCConfigurationList</string>
		</dict>
		<key>2750E78514CDB0DF007727A0</key>
		<dict>
			<key>baseConfigurationReference</key>
			<string>07BC0ADD7974450CAC2A4DC6</string>
			<key>buildSettings</key>
			<dict>
				<key>ASSETCATALOG_COMPILER_APPICON_NAME</key>
				<string>AppIcon</string>
				<key>ASSETCATALOG_COMPILER_LAUNCHIMAGE_NAME</key>
				<string>LaunchImage</string>
				<key>GCC_PRECOMPILE_PREFIX_HEADER</key>
				<string>YES</string>
				<key>GCC_PREFIX_HEADER</key>
				<string>ECSlidingViewController/ECSlidingViewController-Prefix.pch</string>
				<key>INFOPLIST_FILE</key>
				<string>ECSlidingViewController/ECSlidingViewController-Info.plist</string>
				<key>IPHONEOS_DEPLOYMENT_TARGET</key>
				<string>5.0</string>
				<key>PRODUCT_NAME</key>
				<string>$(TARGET_NAME)</string>
				<key>TARGETED_DEVICE_FAMILY</key>
				<string>1,2</string>
				<key>WRAPPER_EXTENSION</key>
				<string>app</string>
			</dict>
			<key>isa</key>
			<string>XCBuildConfiguration</string>
			<key>name</key>
			<string>Debug</string>
		</dict>
		<key>2750E78614CDB0DF007727A0</key>
		<dict>
			<key>baseConfigurationReference</key>
			<string>07BC0ADD7974450CAC2A4DC6</string>
			<key>buildSettings</key>
			<dict>
				<key>ASSETCATALOG_COMPILER_APPICON_NAME</key>
				<string>AppIcon</string>
				<key>ASSETCATALOG_COMPILER_LAUNCHIMAGE_NAME</key>
				<string>LaunchImage</string>
				<key>GCC_PRECOMPILE_PREFIX_HEADER</key>
				<string>YES</string>
				<key>GCC_PREFIX_HEADER</key>
				<string>ECSlidingViewController/ECSlidingViewController-Prefix.pch</string>
				<key>INFOPLIST_FILE</key>
				<string>ECSlidingViewController/ECSlidingViewController-Info.plist</string>
				<key>IPHONEOS_DEPLOYMENT_TARGET</key>
				<string>5.0</string>
				<key>PRODUCT_NAME</key>
				<string>$(TARGET_NAME)</string>
				<key>TARGETED_DEVICE_FAMILY</key>
				<string>1,2</string>
				<key>WRAPPER_EXTENSION</key>
				<string>app</string>
			</dict>
			<key>isa</key>
			<string>XCBuildConfiguration</string>
			<key>name</key>
			<string>Release</string>
		</dict>
		<key>2750E78714CDB114007727A0</key>
		<dict>
			<key>fileEncoding</key>
			<string>4</string>
			<key>isa</key>
			<string>PBXFileReference</string>
			<key>lastKnownFileType</key>
			<string>file.storyboard</string>
			<key>path</key>
			<string>iPhone.storyboard</string>
			<key>sourceTree</key>
			<string>&lt;group&gt;</string>
		</dict>
		<key>2750E78814CDB114007727A0</key>
		<dict>
			<key>fileRef</key>
			<string>2750E78714CDB114007727A0</string>
			<key>isa</key>
			<string>PBXBuildFile</string>
		</dict>
		<key>2750E78914CDB1C7007727A0</key>
		<dict>
			<key>children</key>
			<array>
				<string>2750E7A914CF1306007727A0</string>
			</array>
			<key>isa</key>
			<string>PBXGroup</string>
			<key>name</key>
			<string>Vendor</string>
			<key>sourceTree</key>
			<string>&lt;group&gt;</string>
		</dict>
		<key>2750E78A14CDB1CF007727A0</key>
		<dict>
			<key>children</key>
			<array>
				<string>2750E79514CDB959007727A0</string>
				<string>2750E79614CDB959007727A0</string>
				<string>27FC94DE14D0C14E0000B18C</string>
				<string>27FC94DF14D0C14E0000B18C</string>
				<string>2750E79214CDB93A007727A0</string>
				<string>2750E79314CDB93A007727A0</string>
				<string>27498DCC14E96C75005C043E</string>
				<string>27498DCD14E96C75005C043E</string>
				<string>27498DD314E96EEF005C043E</string>
				<string>27498DD414E96EEF005C043E</string>
				<string>2750E79814CDB99A007727A0</string>
				<string>2750E79914CDB99A007727A0</string>
				<string>2750E79B14CDBA48007727A0</string>
				<string>2750E79C14CDBA48007727A0</string>
				<string>2750E79E14CDBC32007727A0</string>
				<string>2750E79F14CDBC32007727A0</string>
			</array>
			<key>isa</key>
			<string>PBXGroup</string>
			<key>name</key>
			<string>Controllers</string>
			<key>sourceTree</key>
			<string>&lt;group&gt;</string>
		</dict>
		<key>2750E79214CDB93A007727A0</key>
		<dict>
			<key>fileEncoding</key>
			<string>4</string>
			<key>isa</key>
			<string>PBXFileReference</string>
			<key>lastKnownFileType</key>
			<string>sourcecode.c.h</string>
			<key>path</key>
			<string>MenuViewController.h</string>
			<key>sourceTree</key>
			<string>&lt;group&gt;</string>
		</dict>
		<key>2750E79314CDB93A007727A0</key>
		<dict>
			<key>fileEncoding</key>
			<string>4</string>
			<key>isa</key>
			<string>PBXFileReference</string>
			<key>lastKnownFileType</key>
			<string>sourcecode.c.objc</string>
			<key>path</key>
			<string>MenuViewController.m</string>
			<key>sourceTree</key>
			<string>&lt;group&gt;</string>
		</dict>
		<key>2750E79414CDB93A007727A0</key>
		<dict>
			<key>fileRef</key>
			<string>2750E79314CDB93A007727A0</string>
			<key>isa</key>
			<string>PBXBuildFile</string>
		</dict>
		<key>2750E79514CDB959007727A0</key>
		<dict>
			<key>fileEncoding</key>
			<string>4</string>
			<key>isa</key>
			<string>PBXFileReference</string>
			<key>lastKnownFileType</key>
			<string>sourcecode.c.h</string>
			<key>path</key>
			<string>FirstTopViewController.h</string>
			<key>sourceTree</key>
			<string>&lt;group&gt;</string>
		</dict>
		<key>2750E79614CDB959007727A0</key>
		<dict>
			<key>fileEncoding</key>
			<string>4</string>
			<key>isa</key>
			<string>PBXFileReference</string>
			<key>lastKnownFileType</key>
			<string>sourcecode.c.objc</string>
			<key>path</key>
			<string>FirstTopViewController.m</string>
			<key>sourceTree</key>
			<string>&lt;group&gt;</string>
		</dict>
		<key>2750E79714CDB959007727A0</key>
		<dict>
			<key>fileRef</key>
			<string>2750E79614CDB959007727A0</string>
			<key>isa</key>
			<string>PBXBuildFile</string>
		</dict>
		<key>2750E79814CDB99A007727A0</key>
		<dict>
			<key>fileEncoding</key>
			<string>4</string>
			<key>isa</key>
			<string>PBXFileReference</string>
			<key>lastKnownFileType</key>
			<string>sourcecode.c.h</string>
			<key>path</key>
			<string>SecondTopViewController.h</string>
			<key>sourceTree</key>
			<string>&lt;group&gt;</string>
		</dict>
		<key>2750E79914CDB99A007727A0</key>
		<dict>
			<key>fileEncoding</key>
			<string>4</string>
			<key>isa</key>
			<string>PBXFileReference</string>
			<key>lastKnownFileType</key>
			<string>sourcecode.c.objc</string>
			<key>path</key>
			<string>SecondTopViewController.m</string>
			<key>sourceTree</key>
			<string>&lt;group&gt;</string>
		</dict>
		<key>2750E79A14CDB99A007727A0</key>
		<dict>
			<key>fileRef</key>
			<string>2750E79914CDB99A007727A0</string>
			<key>isa</key>
			<string>PBXBuildFile</string>
		</dict>
		<key>2750E79B14CDBA48007727A0</key>
		<dict>
			<key>fileEncoding</key>
			<string>4</string>
			<key>isa</key>
			<string>PBXFileReference</string>
			<key>lastKnownFileType</key>
			<string>sourcecode.c.h</string>
			<key>path</key>
			<string>ThirdTopViewController.h</string>
			<key>sourceTree</key>
			<string>&lt;group&gt;</string>
		</dict>
		<key>2750E79C14CDBA48007727A0</key>
		<dict>
			<key>fileEncoding</key>
			<string>4</string>
			<key>isa</key>
			<string>PBXFileReference</string>
			<key>lastKnownFileType</key>
			<string>sourcecode.c.objc</string>
			<key>path</key>
			<string>ThirdTopViewController.m</string>
			<key>sourceTree</key>
			<string>&lt;group&gt;</string>
		</dict>
		<key>2750E79D14CDBA48007727A0</key>
		<dict>
			<key>fileRef</key>
			<string>2750E79C14CDBA48007727A0</string>
			<key>isa</key>
			<string>PBXBuildFile</string>
		</dict>
		<key>2750E79E14CDBC32007727A0</key>
		<dict>
			<key>fileEncoding</key>
			<string>4</string>
			<key>isa</key>
			<string>PBXFileReference</string>
			<key>lastKnownFileType</key>
			<string>sourcecode.c.h</string>
			<key>path</key>
			<string>UnderRightViewController.h</string>
			<key>sourceTree</key>
			<string>&lt;group&gt;</string>
		</dict>
		<key>2750E79F14CDBC32007727A0</key>
		<dict>
			<key>fileEncoding</key>
			<string>4</string>
			<key>isa</key>
			<string>PBXFileReference</string>
			<key>lastKnownFileType</key>
			<string>sourcecode.c.objc</string>
			<key>path</key>
			<string>UnderRightViewController.m</string>
			<key>sourceTree</key>
			<string>&lt;group&gt;</string>
		</dict>
		<key>2750E7A014CDBC32007727A0</key>
		<dict>
			<key>fileRef</key>
			<string>2750E79F14CDBC32007727A0</string>
			<key>isa</key>
			<string>PBXBuildFile</string>
		</dict>
		<key>2750E7A914CF1306007727A0</key>
		<dict>
			<key>children</key>
			<array>
				<string>2750E7AA14CF1306007727A0</string>
				<string>2750E7AB14CF1306007727A0</string>
			</array>
			<key>isa</key>
			<string>PBXGroup</string>
			<key>name</key>
			<string>ECSlidingViewController</string>
			<key>path</key>
			<string>Vendor/ECSlidingViewController</string>
			<key>sourceTree</key>
			<string>&lt;group&gt;</string>
		</dict>
		<key>2750E7AA14CF1306007727A0</key>
		<dict>
			<key>fileEncoding</key>
			<string>4</string>
			<key>isa</key>
			<string>PBXFileReference</string>
			<key>lastKnownFileType</key>
			<string>sourcecode.c.h</string>
			<key>path</key>
			<string>ECSlidingViewController.h</string>
			<key>sourceTree</key>
			<string>&lt;group&gt;</string>
		</dict>
		<key>2750E7AB14CF1306007727A0</key>
		<dict>
			<key>fileEncoding</key>
			<string>4</string>
			<key>isa</key>
			<string>PBXFileReference</string>
			<key>lastKnownFileType</key>
			<string>sourcecode.c.objc</string>
			<key>path</key>
			<string>ECSlidingViewController.m</string>
			<key>sourceTree</key>
			<string>&lt;group&gt;</string>
		</dict>
		<key>2750E7AE14CF1306007727A0</key>
		<dict>
			<key>fileRef</key>
			<string>2750E7AB14CF1306007727A0</string>
			<key>isa</key>
			<string>PBXBuildFile</string>
		</dict>
		<key>27FC94DE14D0C14E0000B18C</key>
		<dict>
			<key>fileEncoding</key>
			<string>4</string>
			<key>isa</key>
			<string>PBXFileReference</string>
			<key>lastKnownFileType</key>
			<string>sourcecode.c.h</string>
			<key>path</key>
			<string>InitialSlidingViewController.h</string>
			<key>sourceTree</key>
			<string>&lt;group&gt;</string>
		</dict>
		<key>27FC94DF14D0C14E0000B18C</key>
		<dict>
			<key>fileEncoding</key>
			<string>4</string>
			<key>isa</key>
			<string>PBXFileReference</string>
			<key>lastKnownFileType</key>
			<string>sourcecode.c.objc</string>
			<key>path</key>
			<string>InitialSlidingViewController.m</string>
			<key>sourceTree</key>
			<string>&lt;group&gt;</string>
		</dict>
		<key>27FC94E014D0C14E0000B18C</key>
		<dict>
			<key>fileRef</key>
			<string>27FC94DF14D0C14E0000B18C</string>
			<key>isa</key>
			<string>PBXBuildFile</string>
		</dict>
		<key>27FC94E214D105C60000B18C</key>
		<dict>
			<key>isa</key>
			<string>PBXFileReference</string>
			<key>lastKnownFileType</key>
			<string>wrapper.framework</string>
			<key>name</key>
			<string>QuartzCore.framework</string>
			<key>path</key>
			<string>System/Library/Frameworks/QuartzCore.framework</string>
			<key>sourceTree</key>
			<string>SDKROOT</string>
		</dict>
		<key>27FC94E314D105C60000B18C</key>
		<dict>
			<key>fileRef</key>
			<string>27FC94E214D105C60000B18C</string>
			<key>isa</key>
			<string>PBXBuildFile</string>
		</dict>
		<key>4E063874DC7047DEA5566694</key>
		<dict>
			<key>fileRef</key>
			<string>0D15857695B146F7ABD834A7</string>
			<key>isa</key>
			<string>PBXBuildFile</string>
		</dict>
		<key>8F5EAD3351014B6A99DBEFC6</key>
		<dict>
			<key>buildActionMask</key>
			<string>2147483647</string>
			<key>files</key>
			<array/>
			<key>inputPaths</key>
			<array/>
			<key>isa</key>
			<string>PBXShellScriptBuildPhase</string>
			<key>name</key>
			<string>Check Pods Manifest.lock</string>
			<key>outputPaths</key>
			<array/>
			<key>runOnlyForDeploymentPostprocessing</key>
			<string>0</string>
			<key>shellPath</key>
			<string>/bin/sh</string>
			<key>shellScript</key>
			<string>diff "${PODS_ROOT}/../Podfile.lock" "${PODS_ROOT}/Manifest.lock" &gt; /dev/null
if [[ $? != 0 ]] ; then
    cat &lt;&lt; EOM
error: The sandbox is not in sync with the Podfile.lock. Run 'pod install' or update your CocoaPods installation.
EOM
    exit 1
fi
</string>
			<key>showEnvVarsInLog</key>
			<string>0</string>
		</dict>
		<key>99F8F57C7E394325BC0D83C0</key>
		<dict>
			<key>buildActionMask</key>
			<string>2147483647</string>
			<key>files</key>
			<array/>
			<key>inputPaths</key>
			<array/>
			<key>isa</key>
			<string>PBXShellScriptBuildPhase</string>
			<key>name</key>
			<string>Copy Pods Resources</string>
			<key>outputPaths</key>
			<array/>
			<key>runOnlyForDeploymentPostprocessing</key>
			<string>0</string>
			<key>shellPath</key>
			<string>/bin/sh</string>
			<key>shellScript</key>
			<string>"${SRCROOT}/Pods/Pods-resources.sh"
</string>
			<key>showEnvVarsInLog</key>
			<string>0</string>
		</dict>
	</dict>
	<key>rootObject</key>
	<string>2750E76314CDB0DF007727A0</string>
</dict>
</plist>
